
Microsoft Visual Studio Solution File, Format Version 12.00
# Visual Studio Version 17
VisualStudioVersion = 17.11.35312.102
MinimumVisualStudioVersion = 10.0.40219.1
Project("{8BC9CEB8-8B4A-11D0-8D11-00A0C91BC942}") = "AGP Week 5a", "AGP Week 5a.vcxproj", "{CD1FFECE-53BD-4431-9C48-F9C90A455441}"
EndProject
Global
	GlobalSection(SolutionConfigurationPlatforms) = preSolution
		Debug|x64 = Debug|x64
		Debug|x86 = Debug|x86
		Release|x64 = Release|x64
		Release|x86 = Release|x86
	EndGlobalSection
	GlobalSection(ProjectConfigurationPlatforms) = postSolution
		{CD1FFECE-53BD-4431-9C48-F9C90A455441}.Debug|x64.ActiveCfg = Debug|x64
		{CD1FFECE-53BD-4431-9C48-F9C90A455441}.Debug|x64.Build.0 = Debug|x64
		{CD1FFECE-53BD-4431-9C48-F9C90A455441}.Debug|x86.ActiveCfg = Debug|Win32
		{CD1FFECE-53BD-4431-9C48-F9C90A455441}.Debug|x86.Build.0 = Debug|Win32
		{CD1FFECE-53BD-4431-9C48-F9C90A455441}.Release|x64.ActiveCfg = Release|x64
		{CD1FFECE-53BD-4431-9C48-F9C90A455441}.Release|x64.Build.0 = Release|x64
		{CD1FFECE-53BD-4431-9C48-F9C90A455441}.Release|x86.ActiveCfg = Release|Win32
		{CD1FFECE-53BD-4431-9C48-F9C90A455441}.Release|x86.Build.0 = Release|Win32
	EndGlobalSection
	GlobalSection(SolutionProperties) = preSolution
		HideSolutionNode = FALSE
	EndGlobalSection
	GlobalSection(ExtensibilityGlobals) = postSolution
		SolutionGuid = {11CC3D10-329A-40BA-AFD8-A6A18028329F}
	EndGlobalSection
EndGlobal
