<?xml version="1.0" encoding="utf-8"?>
<Project ToolsVersion="4.0" xmlns="http://schemas.microsoft.com/developer/msbuild/2003">
  <ItemGroup>
    <FxCompile Include="PixelShader.hlsl" />
    <FxCompile Include="SkyBoxPShader.hlsl" />
    <FxCompile Include="SkyBoxVShader.hlsl" />
    <FxCompile Include="VertexShader.hlsl" />
    <FxCompile Include="VertexShaderLit.hlsl" />
  </ItemGroup>
  <ItemGroup>
    <ClCompile Include="main.cpp" />
    <ClCompile Include="Source\ObjectModel\objfilemodel.cpp" />
    <ClCompile Include="Source\Renderer\Renderer.cpp" />
    <ClCompile Include="Source\Time\TestTime.cpp" />
    <ClCompile Include="TimeClass.cpp" />
    <ClCompile Include="Source\Window\Window.cpp" />
    <ClCompile Include="Source\GameObject\GameObject.cpp" />
    <ClCompile Include="Source\Game\Game.cpp" />
    <ClCompile Include="Source\Materials\Material.cpp" />
    <ClCompile Include="Source\CBuffers\CBuffer.cpp" />
    <ClCompile Include="Source\Camera\Camera.cpp" />
    <ClCompile Include="AssetManager.cpp" />
    <ClCompile Include="Source\InputManager\IInputManager.cpp" />
    <ClCompile Include="Source\InputTypes\KeyBoardMouseInput.cpp" />
  </ItemGroup>
  <ItemGroup>
    <ClInclude Include="Source\ObjectModel\objfilemodel.h" />
    <ClInclude Include="Source\ReadData\ReadData.h" />
    <ClInclude Include="Source\Renderer\Renderer.h" />
    <ClInclude Include="Source\Time\TestTime.h" />
    <ClInclude Include="TimeClass.h" />
    <ClInclude Include="Source\Window\Window.h" />
    <ClInclude Include="Source\GameObject\GameObject.h" />
    <ClInclude Include="Source\Game\Game.h" />
    <ClInclude Include="Source\Materials\Material.h" />
    <ClInclude Include="Source\CBuffers\CBuffer.h" />
    <ClInclude Include="Source\Camera\Camera.h" />
    <ClInclude Include="AssetManager.h" />
    <ClInclude Include="Source\InputManager\IInputManager.h" />
    <ClInclude Include="Source\InputTypes\KeyBoardMouseInput.h" />
  </ItemGroup>
  <ItemGroup>
    <None Include="packages.config" />
  </ItemGroup>
</Project>